
Microsoft Visual Studio Solution File, Format Version 12.00
# Visual Studio Version 17
VisualStudioVersion = 17.8.34322.80
MinimumVisualStudioVersion = 10.0.40219.1
Project("{FAE04EC0-301F-11D3-BF4B-00C04F79EFBC}") = "A109", "HW as one solution for eas\A109.csproj", "{802E7980-8ADC-4917-A8FD-5CBF7CFA08F1}"
EndProject
Project("{9A19103F-16F7-4668-BE54-9A1E7A4F7556}") = "A111", "A111\A111.csproj", "{B4039723-DA32-441A-8387-E3F626CA552B}"
EndProject
Project("{9A19103F-16F7-4668-BE54-9A1E7A4F7556}") = "A113", "A113\A113.csproj", "{B1B6A74E-5383-43F8-B557-3639F7F3F672}"
EndProject
Project("{9A19103F-16F7-4668-BE54-9A1E7A4F7556}") = "A114", "A114\A114.csproj", "{3748D1E6-D90C-44CA-B128-1E5A8CDB223D}"
EndProject
Project("{9A19103F-16F7-4668-BE54-9A1E7A4F7556}") = "A115", "A115\A115.csproj", "{85660235-13A2-443A-A5A0-00D7EA1A2D9E}"
EndProject
Project("{FAE04EC0-301F-11D3-BF4B-00C04F79EFBC}") = "A116", "A116\A116.csproj", "{A10E8B3B-BB42-48C9-B950-167E26A2BB2E}"
EndProject
Project("{FAE04EC0-301F-11D3-BF4B-00C04F79EFBC}") = "A117", "A117\A117.csproj", "{F864279F-83EE-4F70-986B-4DC24E677B40}"
EndProject
Project("{FAE04EC0-301F-11D3-BF4B-00C04F79EFBC}") = "A119", "A119\A119.csproj", "{4CB980DC-B56E-4E93-8648-4841AE6A750C}"
EndProject
Project("{FAE04EC0-301F-11D3-BF4B-00C04F79EFBC}") = "A120", "A120\A120.csproj", "{74912089-B27B-4534-9204-C92E5CB39754}"
EndProject
Project("{FAE04EC0-301F-11D3-BF4B-00C04F79EFBC}") = "A121", "A121\A121.csproj", "{DBB2842C-9F4F-4577-B0E1-F21C96494320}"
EndProject
Project("{FAE04EC0-301F-11D3-BF4B-00C04F79EFBC}") = "L157", "L157\L157.csproj", "{E8B7E09B-DD29-400F-9369-D7BE3D4BE3D1}"
EndProject
Project("{FAE04EC0-301F-11D3-BF4B-00C04F79EFBC}") = "A122", "A122\A122.csproj", "{44414934-21C0-48E1-BC99-0DE952C1D708}"
EndProject
Project("{FAE04EC0-301F-11D3-BF4B-00C04F79EFBC}") = "A125", "A125\A125.csproj", "{4E42118B-653A-4C30-87F8-9A7C7D3EFDFC}"
EndProject
Project("{FAE04EC0-301F-11D3-BF4B-00C04F79EFBC}") = "A126", "A126\A126.csproj", "{BDE776DB-681D-4F43-9FE2-9E8AFEE52839}"
EndProject
Project("{FAE04EC0-301F-11D3-BF4B-00C04F79EFBC}") = "A127", "A127\A127.csproj", "{93A4D3D4-07EA-4329-A5B4-67F7B87D4840}"
EndProject
Project("{FAE04EC0-301F-11D3-BF4B-00C04F79EFBC}") = "A128", "A128\A128.csproj", "{A8E300BA-B098-4212-ACF8-B4A95B5EF58A}"
EndProject
Project("{FAE04EC0-301F-11D3-BF4B-00C04F79EFBC}") = "A129", "A129\A129.csproj", "{5DF9B6FF-B5AD-4190-977E-1C5C3B6C902B}"
EndProject
Project("{FAE04EC0-301F-11D3-BF4B-00C04F79EFBC}") = "A130", "A130\A130.csproj", "{707C8506-1268-4854-BFEC-16BCCABF6251}"
EndProject
Global
	GlobalSection(SolutionConfigurationPlatforms) = preSolution
		Debug|Any CPU = Debug|Any CPU
		Release|Any CPU = Release|Any CPU
	EndGlobalSection
	GlobalSection(ProjectConfigurationPlatforms) = postSolution
		{802E7980-8ADC-4917-A8FD-5CBF7CFA08F1}.Debug|Any CPU.ActiveCfg = Debug|Any CPU
		{802E7980-8ADC-4917-A8FD-5CBF7CFA08F1}.Debug|Any CPU.Build.0 = Debug|Any CPU
		{802E7980-8ADC-4917-A8FD-5CBF7CFA08F1}.Release|Any CPU.ActiveCfg = Release|Any CPU
		{802E7980-8ADC-4917-A8FD-5CBF7CFA08F1}.Release|Any CPU.Build.0 = Release|Any CPU
		{B4039723-DA32-441A-8387-E3F626CA552B}.Debug|Any CPU.ActiveCfg = Debug|Any CPU
		{B4039723-DA32-441A-8387-E3F626CA552B}.Debug|Any CPU.Build.0 = Debug|Any CPU
		{B4039723-DA32-441A-8387-E3F626CA552B}.Release|Any CPU.ActiveCfg = Release|Any CPU
		{B4039723-DA32-441A-8387-E3F626CA552B}.Release|Any CPU.Build.0 = Release|Any CPU
		{B1B6A74E-5383-43F8-B557-3639F7F3F672}.Debug|Any CPU.ActiveCfg = Debug|Any CPU
		{B1B6A74E-5383-43F8-B557-3639F7F3F672}.Debug|Any CPU.Build.0 = Debug|Any CPU
		{B1B6A74E-5383-43F8-B557-3639F7F3F672}.Release|Any CPU.ActiveCfg = Release|Any CPU
		{B1B6A74E-5383-43F8-B557-3639F7F3F672}.Release|Any CPU.Build.0 = Release|Any CPU
		{3748D1E6-D90C-44CA-B128-1E5A8CDB223D}.Debug|Any CPU.ActiveCfg = Debug|Any CPU
		{3748D1E6-D90C-44CA-B128-1E5A8CDB223D}.Debug|Any CPU.Build.0 = Debug|Any CPU
		{3748D1E6-D90C-44CA-B128-1E5A8CDB223D}.Release|Any CPU.ActiveCfg = Release|Any CPU
		{3748D1E6-D90C-44CA-B128-1E5A8CDB223D}.Release|Any CPU.Build.0 = Release|Any CPU
		{85660235-13A2-443A-A5A0-00D7EA1A2D9E}.Debug|Any CPU.ActiveCfg = Debug|Any CPU
		{85660235-13A2-443A-A5A0-00D7EA1A2D9E}.Debug|Any CPU.Build.0 = Debug|Any CPU
		{85660235-13A2-443A-A5A0-00D7EA1A2D9E}.Release|Any CPU.ActiveCfg = Release|Any CPU
		{85660235-13A2-443A-A5A0-00D7EA1A2D9E}.Release|Any CPU.Build.0 = Release|Any CPU
		{A10E8B3B-BB42-48C9-B950-167E26A2BB2E}.Debug|Any CPU.ActiveCfg = Debug|Any CPU
		{A10E8B3B-BB42-48C9-B950-167E26A2BB2E}.Debug|Any CPU.Build.0 = Debug|Any CPU
		{A10E8B3B-BB42-48C9-B950-167E26A2BB2E}.Release|Any CPU.ActiveCfg = Release|Any CPU
		{A10E8B3B-BB42-48C9-B950-167E26A2BB2E}.Release|Any CPU.Build.0 = Release|Any CPU
		{F864279F-83EE-4F70-986B-4DC24E677B40}.Debug|Any CPU.ActiveCfg = Debug|Any CPU
		{F864279F-83EE-4F70-986B-4DC24E677B40}.Debug|Any CPU.Build.0 = Debug|Any CPU
		{F864279F-83EE-4F70-986B-4DC24E677B40}.Release|Any CPU.ActiveCfg = Release|Any CPU
		{F864279F-83EE-4F70-986B-4DC24E677B40}.Release|Any CPU.Build.0 = Release|Any CPU
		{4CB980DC-B56E-4E93-8648-4841AE6A750C}.Debug|Any CPU.ActiveCfg = Debug|Any CPU
		{4CB980DC-B56E-4E93-8648-4841AE6A750C}.Debug|Any CPU.Build.0 = Debug|Any CPU
		{4CB980DC-B56E-4E93-8648-4841AE6A750C}.Release|Any CPU.ActiveCfg = Release|Any CPU
		{4CB980DC-B56E-4E93-8648-4841AE6A750C}.Release|Any CPU.Build.0 = Release|Any CPU
		{74912089-B27B-4534-9204-C92E5CB39754}.Debug|Any CPU.ActiveCfg = Debug|Any CPU
		{74912089-B27B-4534-9204-C92E5CB39754}.Debug|Any CPU.Build.0 = Debug|Any CPU
		{74912089-B27B-4534-9204-C92E5CB39754}.Release|Any CPU.ActiveCfg = Release|Any CPU
		{74912089-B27B-4534-9204-C92E5CB39754}.Release|Any CPU.Build.0 = Release|Any CPU
		{DBB2842C-9F4F-4577-B0E1-F21C96494320}.Debug|Any CPU.ActiveCfg = Debug|Any CPU
		{DBB2842C-9F4F-4577-B0E1-F21C96494320}.Debug|Any CPU.Build.0 = Debug|Any CPU
		{DBB2842C-9F4F-4577-B0E1-F21C96494320}.Release|Any CPU.ActiveCfg = Release|Any CPU
		{DBB2842C-9F4F-4577-B0E1-F21C96494320}.Release|Any CPU.Build.0 = Release|Any CPU
		{E8B7E09B-DD29-400F-9369-D7BE3D4BE3D1}.Debug|Any CPU.ActiveCfg = Debug|Any CPU
		{E8B7E09B-DD29-400F-9369-D7BE3D4BE3D1}.Debug|Any CPU.Build.0 = Debug|Any CPU
		{E8B7E09B-DD29-400F-9369-D7BE3D4BE3D1}.Release|Any CPU.ActiveCfg = Release|Any CPU
		{E8B7E09B-DD29-400F-9369-D7BE3D4BE3D1}.Release|Any CPU.Build.0 = Release|Any CPU
		{44414934-21C0-48E1-BC99-0DE952C1D708}.Debug|Any CPU.ActiveCfg = Debug|Any CPU
		{44414934-21C0-48E1-BC99-0DE952C1D708}.Debug|Any CPU.Build.0 = Debug|Any CPU
		{44414934-21C0-48E1-BC99-0DE952C1D708}.Release|Any CPU.ActiveCfg = Release|Any CPU
		{44414934-21C0-48E1-BC99-0DE952C1D708}.Release|Any CPU.Build.0 = Release|Any CPU
		{4E42118B-653A-4C30-87F8-9A7C7D3EFDFC}.Debug|Any CPU.ActiveCfg = Debug|Any CPU
		{4E42118B-653A-4C30-87F8-9A7C7D3EFDFC}.Debug|Any CPU.Build.0 = Debug|Any CPU
		{4E42118B-653A-4C30-87F8-9A7C7D3EFDFC}.Release|Any CPU.ActiveCfg = Release|Any CPU
		{4E42118B-653A-4C30-87F8-9A7C7D3EFDFC}.Release|Any CPU.Build.0 = Release|Any CPU
		{BDE776DB-681D-4F43-9FE2-9E8AFEE52839}.Debug|Any CPU.ActiveCfg = Debug|Any CPU
		{BDE776DB-681D-4F43-9FE2-9E8AFEE52839}.Debug|Any CPU.Build.0 = Debug|Any CPU
		{BDE776DB-681D-4F43-9FE2-9E8AFEE52839}.Release|Any CPU.ActiveCfg = Release|Any CPU
		{BDE776DB-681D-4F43-9FE2-9E8AFEE52839}.Release|Any CPU.Build.0 = Release|Any CPU
		{93A4D3D4-07EA-4329-A5B4-67F7B87D4840}.Debug|Any CPU.ActiveCfg = Debug|Any CPU
		{93A4D3D4-07EA-4329-A5B4-67F7B87D4840}.Debug|Any CPU.Build.0 = Debug|Any CPU
		{93A4D3D4-07EA-4329-A5B4-67F7B87D4840}.Release|Any CPU.ActiveCfg = Release|Any CPU
		{93A4D3D4-07EA-4329-A5B4-67F7B87D4840}.Release|Any CPU.Build.0 = Release|Any CPU
		{A8E300BA-B098-4212-ACF8-B4A95B5EF58A}.Debug|Any CPU.ActiveCfg = Debug|Any CPU
		{A8E300BA-B098-4212-ACF8-B4A95B5EF58A}.Debug|Any CPU.Build.0 = Debug|Any CPU
		{A8E300BA-B098-4212-ACF8-B4A95B5EF58A}.Release|Any CPU.ActiveCfg = Release|Any CPU
		{A8E300BA-B098-4212-ACF8-B4A95B5EF58A}.Release|Any CPU.Build.0 = Release|Any CPU
		{5DF9B6FF-B5AD-4190-977E-1C5C3B6C902B}.Debug|Any CPU.ActiveCfg = Debug|Any CPU
		{5DF9B6FF-B5AD-4190-977E-1C5C3B6C902B}.Debug|Any CPU.Build.0 = Debug|Any CPU
		{5DF9B6FF-B5AD-4190-977E-1C5C3B6C902B}.Release|Any CPU.ActiveCfg = Release|Any CPU
		{5DF9B6FF-B5AD-4190-977E-1C5C3B6C902B}.Release|Any CPU.Build.0 = Release|Any CPU
		{707C8506-1268-4854-BFEC-16BCCABF6251}.Debug|Any CPU.ActiveCfg = Debug|Any CPU
		{707C8506-1268-4854-BFEC-16BCCABF6251}.Debug|Any CPU.Build.0 = Debug|Any CPU
		{707C8506-1268-4854-BFEC-16BCCABF6251}.Release|Any CPU.ActiveCfg = Release|Any CPU
		{707C8506-1268-4854-BFEC-16BCCABF6251}.Release|Any CPU.Build.0 = Release|Any CPU
	EndGlobalSection
	GlobalSection(SolutionProperties) = preSolution
		HideSolutionNode = FALSE
	EndGlobalSection
	GlobalSection(ExtensibilityGlobals) = postSolution
		SolutionGuid = {C76BF055-43C2-4C26-997F-AD9DEAAAB6AC}
	EndGlobalSection
EndGlobal
